
Microsoft Visual Studio Solution File, Format Version 12.00
# Visual Studio Version 16
VisualStudioVersion = 16.0.31515.178
MinimumVisualStudioVersion = 10.0.40219.1
Project("{FAE04EC0-301F-11D3-BF4B-00C04F79EFBC}") = "QuadrigaCX_Outlook_MSG_to_TXT_Converter", "QuadrigaCX_Outlook_MSG_to_TXT_Converter\QuadrigaCX_Outlook_MSG_to_TXT_Converter.csproj", "{DCC692A8-8322-40C2-9AE0-6664FFB28270}"
EndProject
Project("{FAE04EC0-301F-11D3-BF4B-00C04F79EFBC}") = "QuadrigaCX_Outlook_MSG_to_TXT_Converter_Tests", "QuadrigaCX_Outlook_MSG_to_TXT_Converter_Tests\QuadrigaCX_Outlook_MSG_to_TXT_Converter_Tests.csproj", "{F50DCEA5-E182-4A4A-B3A9-88FF6862BA0A}"
EndProject
Global
	GlobalSection(SolutionConfigurationPlatforms) = preSolution
		Debug|Any CPU = Debug|Any CPU
		Release|Any CPU = Release|Any CPU
	EndGlobalSection
	GlobalSection(ProjectConfigurationPlatforms) = postSolution
		{DCC692A8-8322-40C2-9AE0-6664FFB28270}.Debug|Any CPU.ActiveCfg = Debug|Any CPU
		{DCC692A8-8322-40C2-9AE0-6664FFB28270}.Debug|Any CPU.Build.0 = Debug|Any CPU
		{DCC692A8-8322-40C2-9AE0-6664FFB28270}.Release|Any CPU.ActiveCfg = Release|Any CPU
		{DCC692A8-8322-40C2-9AE0-6664FFB28270}.Release|Any CPU.Build.0 = Release|Any CPU
		{F50DCEA5-E182-4A4A-B3A9-88FF6862BA0A}.Debug|Any CPU.ActiveCfg = Debug|Any CPU
		{F50DCEA5-E182-4A4A-B3A9-88FF6862BA0A}.Debug|Any CPU.Build.0 = Debug|Any CPU
		{F50DCEA5-E182-4A4A-B3A9-88FF6862BA0A}.Release|Any CPU.ActiveCfg = Release|Any CPU
		{F50DCEA5-E182-4A4A-B3A9-88FF6862BA0A}.Release|Any CPU.Build.0 = Release|Any CPU
	EndGlobalSection
	GlobalSection(SolutionProperties) = preSolution
		HideSolutionNode = FALSE
	EndGlobalSection
	GlobalSection(ExtensibilityGlobals) = postSolution
		SolutionGuid = {4D5668BB-F705-4F48-B1D5-AA6C094BEA5E}
	EndGlobalSection
EndGlobal
